PODS:
  - CocoaLumberjack/Core (3.5.3)
  - CocoaLumberjack/Swift (3.5.3):
    - CocoaLumberjack/Core

DEPENDENCIES:
  - CocoaLumberjack/Swift

SPEC REPOS:
  https://github.com/CocoaPods/Specs.git:
    - CocoaLumberjack

SPEC CHECKSUMS:
  CocoaLumberjack: 2f44e60eb91c176d471fdba43b9e3eae6a721947

PODFILE CHECKSUM: 62666d44fbf344f2dd154f143c832c359b3b95d9

COCOAPODS: 1.8.0.beta.1
