// !$*UTF8*$!
{
	archiveVersion = 1;
	classes = {
	};
	objectVersion = 50;
	objects = {

/* Begin PBXBuildFile section */
		55AEF8BF8731C9DF131D3220 /* libPods-Notes.a in Frameworks */ = {isa = PBXBuildFile; fileRef = 09A3A0CBF0846AF82DA15BE0 /* libPods-Notes.a */; };
		577AA4FB22E90A5000FA4E52 /* NetworkError.swift in Sources */ = {isa = PBXBuildFile; fileRef = 577AA4FA22E90A5000FA4E52 /* NetworkError.swift */; };
		579AAC4C22D5228E00B3DD09 /* ColorPickButton.swift in Sources */ = {isa = PBXBuildFile; fileRef = 579AAC4B22D5228E00B3DD09 /* ColorPickButton.swift */; };
		579AAC4E22D52C5E00B3DD09 /* ColorPickerView.swift in Sources */ = {isa = PBXBuildFile; fileRef = 579AAC4D22D52C5E00B3DD09 /* ColorPickerView.swift */; };
		579AAC5422D539C200B3DD09 /* ColorPickerViewController.swift in Sources */ = {isa = PBXBuildFile; fileRef = 579AAC5322D539C200B3DD09 /* ColorPickerViewController.swift */; };
		579AAC5622D53B7000B3DD09 /* UIColorHEXValues.swift in Sources */ = {isa = PBXBuildFile; fileRef = 579AAC5522D53B7000B3DD09 /* UIColorHEXValues.swift */; };
		579AAC5B22D53DDC00B3DD09 /* UIColorBrightness.swift in Sources */ = {isa = PBXBuildFile; fileRef = 579AAC5A22D53DDC00B3DD09 /* UIColorBrightness.swift */; };
		579AAC6022D5CFC300B3DD09 /* NoteTableViewCell.swift in Sources */ = {isa = PBXBuildFile; fileRef = 579AAC5F22D5CFC300B3DD09 /* NoteTableViewCell.swift */; };
		579AAC6222D5CFDC00B3DD09 /* NoteTableViewController.swift in Sources */ = {isa = PBXBuildFile; fileRef = 579AAC6122D5CFDC00B3DD09 /* NoteTableViewController.swift */; };
		57C4D2CD22D8B7BB00E7F86E /* GalleryViewerViewController.swift in Sources */ = {isa = PBXBuildFile; fileRef = 57C4D2CC22D8B7BB00E7F86E /* GalleryViewerViewController.swift */; };
		57C4D2CF22D8CB3200E7F86E /* GalleryViewController.swift in Sources */ = {isa = PBXBuildFile; fileRef = 57C4D2CE22D8CB3200E7F86E /* GalleryViewController.swift */; };
		57C4D2D122D8CC6900E7F86E /* GalleryPhotoViewCell.swift in Sources */ = {isa = PBXBuildFile; fileRef = 57C4D2D022D8CC6900E7F86E /* GalleryPhotoViewCell.swift */; };
		57D01C5822D50C5F00412438 /* Main.storyboard in Resources */ = {isa = PBXBuildFile; fileRef = 57D01C5722D50C5F00412438 /* Main.storyboard */; };
		57D01C5B22D516B700412438 /* DesignableView.swift in Sources */ = {isa = PBXBuildFile; fileRef = 57D01C5A22D516B700412438 /* DesignableView.swift */; };
		57D01C5D22D5180300412438 /* EditNoteViewController.swift in Sources */ = {isa = PBXBuildFile; fileRef = 57D01C5C22D5180300412438 /* EditNoteViewController.swift */; };
		57E56C5022EA2CB10006087C /* AsyncOperation.swift in Sources */ = {isa = PBXBuildFile; fileRef = 57E56C4F22EA2CB10006087C /* AsyncOperation.swift */; };
		57E56C5422EA2CBD0006087C /* SaveNotesBackendOperation.swift in Sources */ = {isa = PBXBuildFile; fileRef = 57E56C5122EA2CBD0006087C /* SaveNotesBackendOperation.swift */; };
		57E56C5522EA2CBD0006087C /* BaseBackendOperation.swift in Sources */ = {isa = PBXBuildFile; fileRef = 57E56C5222EA2CBD0006087C /* BaseBackendOperation.swift */; };
		57E56C5622EA2CBD0006087C /* LoadNotesBackendOperation.swift in Sources */ = {isa = PBXBuildFile; fileRef = 57E56C5322EA2CBD0006087C /* LoadNotesBackendOperation.swift */; };
		57E56C5B22EA2CCB0006087C /* SaveNoteDBOperation.swift in Sources */ = {isa = PBXBuildFile; fileRef = 57E56C5722EA2CCB0006087C /* SaveNoteDBOperation.swift */; };
		57E56C5C22EA2CCB0006087C /* BaseDBOperation.swift in Sources */ = {isa = PBXBuildFile; fileRef = 57E56C5822EA2CCB0006087C /* BaseDBOperation.swift */; };
		57E56C5D22EA2CCB0006087C /* RemoveNoteDBOperation.swift in Sources */ = {isa = PBXBuildFile; fileRef = 57E56C5922EA2CCB0006087C /* RemoveNoteDBOperation.swift */; };
		57E56C5E22EA2CCB0006087C /* LoadNotesDBOperation.swift in Sources */ = {isa = PBXBuildFile; fileRef = 57E56C5A22EA2CCB0006087C /* LoadNotesDBOperation.swift */; };
		57E56C6222EA2CD30006087C /* SaveNoteOperation.swift in Sources */ = {isa = PBXBuildFile; fileRef = 57E56C5F22EA2CD30006087C /* SaveNoteOperation.swift */; };
		57E56C6322EA2CD30006087C /* RemoveNoteOperation.swift in Sources */ = {isa = PBXBuildFile; fileRef = 57E56C6022EA2CD30006087C /* RemoveNoteOperation.swift */; };
		57E56C6422EA2CD30006087C /* LoadNotesOperation.swift in Sources */ = {isa = PBXBuildFile; fileRef = 57E56C6122EA2CD30006087C /* LoadNotesOperation.swift */; };
		57E5962022CCFAD400D73B45 /* LaunchScreen.storyboard in Resources */ = {isa = PBXBuildFile; fileRef = 57E5961F22CCFAD400D73B45 /* LaunchScreen.storyboard */; };
		57FAB0B722CB63C80044DDDC /* AppDelegate.swift in Sources */ = {isa = PBXBuildFile; fileRef = 57FAB0B622CB63C80044DDDC /* AppDelegate.swift */; };
		57FAB0BE22CB63CA0044DDDC /* Assets.xcassets in Resources */ = {isa = PBXBuildFile; fileRef = 57FAB0BD22CB63CA0044DDDC /* Assets.xcassets */; };
		57FAB0D722CB643C0044DDDC /* Note.swift in Sources */ = {isa = PBXBuildFile; fileRef = 57FAB0D622CB643C0044DDDC /* Note.swift */; };
		57FAB0DE22CB66160044DDDC /* NoteExtension.swift in Sources */ = {isa = PBXBuildFile; fileRef = 57FAB0DD22CB66160044DDDC /* NoteExtension.swift */; };
		57FAB0E022CB972D0044DDDC /* FileNotebook.swift in Sources */ = {isa = PBXBuildFile; fileRef = 57FAB0DF22CB972D0044DDDC /* FileNotebook.swift */; };
		57FAB0E222CB9DD90044DDDC /* FileNotebookTests.swift in Sources */ = {isa = PBXBuildFile; fileRef = 57FAB0E122CB9DD90044DDDC /* FileNotebookTests.swift */; };
		57FAB0E422CBB2DB0044DDDC /* NoteExtensionsTests.swift in Sources */ = {isa = PBXBuildFile; fileRef = 57FAB0E322CBB2DB0044DDDC /* NoteExtensionsTests.swift */; };
		57FAB0E622CBB5810044DDDC /* NoteTests.swift in Sources */ = {isa = PBXBuildFile; fileRef = 57FAB0E522CBB5810044DDDC /* NoteTests.swift */; };
		EAF6C23E8E13C5357E9A2E4A /* libPods-NotesTests.a in Frameworks */ = {isa = PBXBuildFile; fileRef = 2ED5DFE0481618F037CD9B88 /* libPods-NotesTests.a */; };
/* End PBXBuildFile section */

/* Begin PBXContainerItemProxy section */
		57FAB0C822CB63CA0044DDDC /* PBXContainerItemProxy */ = {
			isa = PBXContainerItemProxy;
			containerPortal = 57FAB0AB22CB63C80044DDDC /* Project object */;
			proxyType = 1;
			remoteGlobalIDString = 57FAB0B222CB63C80044DDDC;
			remoteInfo = Notes;
		};
/* End PBXContainerItemProxy section */

/* Begin PBXFileReference section */
		09A3A0CBF0846AF82DA15BE0 /* libPods-Notes.a */ = {isa = PBXFileReference; explicitFileType = archive.ar; includeInIndex = 0; path = "libPods-Notes.a"; sourceTree = BUILT_PRODUCTS_DIR; };
		0AC5D6A210B2F2F9C698D1CB /* Pods-NotesTests.demo.xcconfig */ = {isa = PBXFileReference; includeInIndex = 1; lastKnownFileType = text.xcconfig; name = "Pods-NotesTests.demo.xcconfig"; path = "Target Support Files/Pods-NotesTests/Pods-NotesTests.demo.xcconfig"; sourceTree = "<group>"; };
		263DB9C6613F9C22A215C05A /* Pods-Notes.demo.xcconfig */ = {isa = PBXFileReference; includeInIndex = 1; lastKnownFileType = text.xcconfig; name = "Pods-Notes.demo.xcconfig"; path = "Target Support Files/Pods-Notes/Pods-Notes.demo.xcconfig"; sourceTree = "<group>"; };
		2ED5DFE0481618F037CD9B88 /* libPods-NotesTests.a */ = {isa = PBXFileReference; explicitFileType = archive.ar; includeInIndex = 0; path = "libPods-NotesTests.a"; sourceTree = BUILT_PRODUCTS_DIR; };
		577AA4FA22E90A5000FA4E52 /* NetworkError.swift */ = {isa = PBXFileReference; lastKnownFileType = sourcecode.swift; path = NetworkError.swift; sourceTree = "<group>"; };
		579AAC4B22D5228E00B3DD09 /* ColorPickButton.swift */ = {isa = PBXFileReference; lastKnownFileType = sourcecode.swift; path = ColorPickButton.swift; sourceTree = "<group>"; };
		579AAC4D22D52C5E00B3DD09 /* ColorPickerView.swift */ = {isa = PBXFileReference; lastKnownFileType = sourcecode.swift; path = ColorPickerView.swift; sourceTree = "<group>"; };
		579AAC5322D539C200B3DD09 /* ColorPickerViewController.swift */ = {isa = PBXFileReference; lastKnownFileType = sourcecode.swift; path = ColorPickerViewController.swift; sourceTree = "<group>"; };
		579AAC5522D53B7000B3DD09 /* UIColorHEXValues.swift */ = {isa = PBXFileReference; lastKnownFileType = sourcecode.swift; path = UIColorHEXValues.swift; sourceTree = "<group>"; };
		579AAC5A22D53DDC00B3DD09 /* UIColorBrightness.swift */ = {isa = PBXFileReference; lastKnownFileType = sourcecode.swift; path = UIColorBrightness.swift; sourceTree = "<group>"; };
		579AAC5F22D5CFC300B3DD09 /* NoteTableViewCell.swift */ = {isa = PBXFileReference; lastKnownFileType = sourcecode.swift; path = NoteTableViewCell.swift; sourceTree = "<group>"; };
		579AAC6122D5CFDC00B3DD09 /* NoteTableViewController.swift */ = {isa = PBXFileReference; lastKnownFileType = sourcecode.swift; path = NoteTableViewController.swift; sourceTree = "<group>"; };
		57C4D2CC22D8B7BB00E7F86E /* GalleryViewerViewController.swift */ = {isa = PBXFileReference; fileEncoding = 4; lastKnownFileType = sourcecode.swift; path = GalleryViewerViewController.swift; sourceTree = "<group>"; };
		57C4D2CE22D8CB3200E7F86E /* GalleryViewController.swift */ = {isa = PBXFileReference; lastKnownFileType = sourcecode.swift; path = GalleryViewController.swift; sourceTree = "<group>"; };
		57C4D2D022D8CC6900E7F86E /* GalleryPhotoViewCell.swift */ = {isa = PBXFileReference; lastKnownFileType = sourcecode.swift; path = GalleryPhotoViewCell.swift; sourceTree = "<group>"; };
		57D01C5722D50C5F00412438 /* Main.storyboard */ = {isa = PBXFileReference; lastKnownFileType = file.storyboard; path = Main.storyboard; sourceTree = "<group>"; };
		57D01C5A22D516B700412438 /* DesignableView.swift */ = {isa = PBXFileReference; lastKnownFileType = sourcecode.swift; path = DesignableView.swift; sourceTree = "<group>"; };
		57D01C5C22D5180300412438 /* EditNoteViewController.swift */ = {isa = PBXFileReference; lastKnownFileType = sourcecode.swift; path = EditNoteViewController.swift; sourceTree = "<group>"; };
		57E56C4F22EA2CB10006087C /* AsyncOperation.swift */ = {isa = PBXFileReference; fileEncoding = 4; lastKnownFileType = sourcecode.swift; path = AsyncOperation.swift; sourceTree = "<group>"; };
		57E56C5122EA2CBD0006087C /* SaveNotesBackendOperation.swift */ = {isa = PBXFileReference; fileEncoding = 4; lastKnownFileType = sourcecode.swift; path = SaveNotesBackendOperation.swift; sourceTree = "<group>"; };
		57E56C5222EA2CBD0006087C /* BaseBackendOperation.swift */ = {isa = PBXFileReference; fileEncoding = 4; lastKnownFileType = sourcecode.swift; path = BaseBackendOperation.swift; sourceTree = "<group>"; };
		57E56C5322EA2CBD0006087C /* LoadNotesBackendOperation.swift */ = {isa = PBXFileReference; fileEncoding = 4; lastKnownFileType = sourcecode.swift; path = LoadNotesBackendOperation.swift; sourceTree = "<group>"; };
		57E56C5722EA2CCB0006087C /* SaveNoteDBOperation.swift */ = {isa = PBXFileReference; fileEncoding = 4; lastKnownFileType = sourcecode.swift; path = SaveNoteDBOperation.swift; sourceTree = "<group>"; };
		57E56C5822EA2CCB0006087C /* BaseDBOperation.swift */ = {isa = PBXFileReference; fileEncoding = 4; lastKnownFileType = sourcecode.swift; path = BaseDBOperation.swift; sourceTree = "<group>"; };
		57E56C5922EA2CCB0006087C /* RemoveNoteDBOperation.swift */ = {isa = PBXFileReference; fileEncoding = 4; lastKnownFileType = sourcecode.swift; path = RemoveNoteDBOperation.swift; sourceTree = "<group>"; };
		57E56C5A22EA2CCB0006087C /* LoadNotesDBOperation.swift */ = {isa = PBXFileReference; fileEncoding = 4; lastKnownFileType = sourcecode.swift; path = LoadNotesDBOperation.swift; sourceTree = "<group>"; };
		57E56C5F22EA2CD30006087C /* SaveNoteOperation.swift */ = {isa = PBXFileReference; fileEncoding = 4; lastKnownFileType = sourcecode.swift; path = SaveNoteOperation.swift; sourceTree = "<group>"; };
		57E56C6022EA2CD30006087C /* RemoveNoteOperation.swift */ = {isa = PBXFileReference; fileEncoding = 4; lastKnownFileType = sourcecode.swift; path = RemoveNoteOperation.swift; sourceTree = "<group>"; };
		57E56C6122EA2CD30006087C /* LoadNotesOperation.swift */ = {isa = PBXFileReference; fileEncoding = 4; lastKnownFileType = sourcecode.swift; path = LoadNotesOperation.swift; sourceTree = "<group>"; };
		57E5961F22CCFAD400D73B45 /* LaunchScreen.storyboard */ = {isa = PBXFileReference; lastKnownFileType = file.storyboard; path = LaunchScreen.storyboard; sourceTree = "<group>"; };
		57FAB0B322CB63C80044DDDC /* Notes.app */ = {isa = PBXFileReference; explicitFileType = wrapper.application; includeInIndex = 0; path = Notes.app; sourceTree = BUILT_PRODUCTS_DIR; };
		57FAB0B622CB63C80044DDDC /* AppDelegate.swift */ = {isa = PBXFileReference; lastKnownFileType = sourcecode.swift; path = AppDelegate.swift; sourceTree = "<group>"; };
		57FAB0BD22CB63CA0044DDDC /* Assets.xcassets */ = {isa = PBXFileReference; lastKnownFileType = folder.assetcatalog; path = Assets.xcassets; sourceTree = "<group>"; };
		57FAB0C222CB63CA0044DDDC /* Info.plist */ = {isa = PBXFileReference; lastKnownFileType = text.plist.xml; path = Info.plist; sourceTree = "<group>"; };
		57FAB0C722CB63CA0044DDDC /* NotesTests.xctest */ = {isa = PBXFileReference; explicitFileType = wrapper.cfbundle; includeInIndex = 0; path = NotesTests.xctest; sourceTree = BUILT_PRODUCTS_DIR; };
		57FAB0CD22CB63CA0044DDDC /* Info.plist */ = {isa = PBXFileReference; lastKnownFileType = text.plist.xml; path = Info.plist; sourceTree = "<group>"; };
		57FAB0D622CB643C0044DDDC /* Note.swift */ = {isa = PBXFileReference; lastKnownFileType = sourcecode.swift; path = Note.swift; sourceTree = "<group>"; };
		57FAB0DD22CB66160044DDDC /* NoteExtension.swift */ = {isa = PBXFileReference; lastKnownFileType = sourcecode.swift; path = NoteExtension.swift; sourceTree = "<group>"; };
		57FAB0DF22CB972D0044DDDC /* FileNotebook.swift */ = {isa = PBXFileReference; lastKnownFileType = sourcecode.swift; path = FileNotebook.swift; sourceTree = "<group>"; };
		57FAB0E122CB9DD90044DDDC /* FileNotebookTests.swift */ = {isa = PBXFileReference; lastKnownFileType = sourcecode.swift; path = FileNotebookTests.swift; sourceTree = "<group>"; };
		57FAB0E322CBB2DB0044DDDC /* NoteExtensionsTests.swift */ = {isa = PBXFileReference; lastKnownFileType = sourcecode.swift; path = NoteExtensionsTests.swift; sourceTree = "<group>"; };
		57FAB0E522CBB5810044DDDC /* NoteTests.swift */ = {isa = PBXFileReference; lastKnownFileType = sourcecode.swift; path = NoteTests.swift; sourceTree = "<group>"; };
		5B2E8594C7D09C0140D1CDC1 /* Pods-Notes.release.xcconfig */ = {isa = PBXFileReference; includeInIndex = 1; lastKnownFileType = text.xcconfig; name = "Pods-Notes.release.xcconfig"; path = "Target Support Files/Pods-Notes/Pods-Notes.release.xcconfig"; sourceTree = "<group>"; };
		7C6F56E338FE799507EBB8BA /* Pods-NotesTests.debug.xcconfig */ = {isa = PBXFileReference; includeInIndex = 1; lastKnownFileType = text.xcconfig; name = "Pods-NotesTests.debug.xcconfig"; path = "Target Support Files/Pods-NotesTests/Pods-NotesTests.debug.xcconfig"; sourceTree = "<group>"; };
		90FB1C2BD0052AD79A0102BA /* Pods-NotesTests.release.xcconfig */ = {isa = PBXFileReference; includeInIndex = 1; lastKnownFileType = text.xcconfig; name = "Pods-NotesTests.release.xcconfig"; path = "Target Support Files/Pods-NotesTests/Pods-NotesTests.release.xcconfig"; sourceTree = "<group>"; };
		A71A08A80B511B24E6C65F1A /* Pods-Notes.debug.xcconfig */ = {isa = PBXFileReference; includeInIndex = 1; lastKnownFileType = text.xcconfig; name = "Pods-Notes.debug.xcconfig"; path = "Target Support Files/Pods-Notes/Pods-Notes.debug.xcconfig"; sourceTree = "<group>"; };
/* End PBXFileReference section */

/* Begin PBXFrameworksBuildPhase section */
		57FAB0B022CB63C80044DDDC /* Frameworks */ = {
			isa = PBXFrameworksBuildPhase;
			buildActionMask = 2147483647;
			files = (
				55AEF8BF8731C9DF131D3220 /* libPods-Notes.a in Frameworks */,
			);
			runOnlyForDeploymentPostprocessing = 0;
		};
		57FAB0C422CB63CA0044DDDC /* Frameworks */ = {
			isa = PBXFrameworksBuildPhase;
			buildActionMask = 2147483647;
			files = (
				EAF6C23E8E13C5357E9A2E4A /* libPods-NotesTests.a in Frameworks */,
			);
			runOnlyForDeploymentPostprocessing = 0;
		};
/* End PBXFrameworksBuildPhase section */

/* Begin PBXGroup section */
		5724F67922DB372E002360EE /* Notes */ = {
			isa = PBXGroup;
			children = (
				579AAC6122D5CFDC00B3DD09 /* NoteTableViewController.swift */,
				57D01C5C22D5180300412438 /* EditNoteViewController.swift */,
				579AAC5322D539C200B3DD09 /* ColorPickerViewController.swift */,
			);
			path = Notes;
			sourceTree = "<group>";
		};
		575D1CBA22CFC6BB00D40EB7 /* Entity */ = {
			isa = PBXGroup;
			children = (
				57FAB0D622CB643C0044DDDC /* Note.swift */,
				57FAB0DD22CB66160044DDDC /* NoteExtension.swift */,
				57FAB0DF22CB972D0044DDDC /* FileNotebook.swift */,
				577AA4FA22E90A5000FA4E52 /* NetworkError.swift */,
			);
			path = Entity;
			sourceTree = "<group>";
		};
		576F037522DB35D9004015F9 /* Gallery */ = {
			isa = PBXGroup;
			children = (
				57C4D2CE22D8CB3200E7F86E /* GalleryViewController.swift */,
				57C4D2CC22D8B7BB00E7F86E /* GalleryViewerViewController.swift */,
			);
			path = Gallery;
			sourceTree = "<group>";
		};
		577AA4E122E908AD00FA4E52 /* BusinessLogic */ = {
			isa = PBXGroup;
			children = (
				577AA4E222E908C300FA4E52 /* Operations */,
			);
			path = BusinessLogic;
			sourceTree = "<group>";
		};
		577AA4E222E908C300FA4E52 /* Operations */ = {
			isa = PBXGroup;
			children = (
				577AA4E322E908D500FA4E52 /* UIOperations */,
				577AA4E422E908DE00FA4E52 /* BackendOperations */,
				577AA4E522E908E900FA4E52 /* DBOperations */,
				57E56C4F22EA2CB10006087C /* AsyncOperation.swift */,
			);
			path = Operations;
			sourceTree = "<group>";
		};
		577AA4E322E908D500FA4E52 /* UIOperations */ = {
			isa = PBXGroup;
			children = (
				57E56C6122EA2CD30006087C /* LoadNotesOperation.swift */,
				57E56C6022EA2CD30006087C /* RemoveNoteOperation.swift */,
				57E56C5F22EA2CD30006087C /* SaveNoteOperation.swift */,
			);
			path = UIOperations;
			sourceTree = "<group>";
		};
		577AA4E422E908DE00FA4E52 /* BackendOperations */ = {
			isa = PBXGroup;
			children = (
				57E56C5222EA2CBD0006087C /* BaseBackendOperation.swift */,
				57E56C5322EA2CBD0006087C /* LoadNotesBackendOperation.swift */,
				57E56C5122EA2CBD0006087C /* SaveNotesBackendOperation.swift */,
			);
			path = BackendOperations;
			sourceTree = "<group>";
		};
		577AA4E522E908E900FA4E52 /* DBOperations */ = {
			isa = PBXGroup;
			children = (
				57E56C5822EA2CCB0006087C /* BaseDBOperation.swift */,
				57E56C5A22EA2CCB0006087C /* LoadNotesDBOperation.swift */,
				57E56C5922EA2CCB0006087C /* RemoveNoteDBOperation.swift */,
				57E56C5722EA2CCB0006087C /* SaveNoteDBOperation.swift */,
			);
			path = DBOperations;
			sourceTree = "<group>";
		};
		579AAC5722D53BAE00B3DD09 /* Storyboards */ = {
			isa = PBXGroup;
			children = (
				57D01C5722D50C5F00412438 /* Main.storyboard */,
			);
			path = Storyboards;
			sourceTree = "<group>";
		};
		579AAC5822D53BB500B3DD09 /* ViewControllers */ = {
			isa = PBXGroup;
			children = (
				5724F67922DB372E002360EE /* Notes */,
				576F037522DB35D9004015F9 /* Gallery */,
			);
			path = ViewControllers;
			sourceTree = "<group>";
		};
		579AAC5922D53BBB00B3DD09 /* Views */ = {
			isa = PBXGroup;
			children = (
				579AAC4B22D5228E00B3DD09 /* ColorPickButton.swift */,
				579AAC4D22D52C5E00B3DD09 /* ColorPickerView.swift */,
			);
			path = Views;
			sourceTree = "<group>";
		};
		579AAC5E22D5CF9800B3DD09 /* Cells */ = {
			isa = PBXGroup;
			children = (
				579AAC5F22D5CFC300B3DD09 /* NoteTableViewCell.swift */,
				57C4D2D022D8CC6900E7F86E /* GalleryPhotoViewCell.swift */,
			);
			path = Cells;
			sourceTree = "<group>";
		};
		57D01C5622D50B8000412438 /* Flows */ = {
			isa = PBXGroup;
			children = (
				579AAC5722D53BAE00B3DD09 /* Storyboards */,
				579AAC5822D53BB500B3DD09 /* ViewControllers */,
				579AAC5922D53BBB00B3DD09 /* Views */,
				579AAC5E22D5CF9800B3DD09 /* Cells */,
			);
			path = Flows;
			sourceTree = "<group>";
		};
		57D01C5922D516A000412438 /* Core */ = {
			isa = PBXGroup;
			children = (
				57D01C5A22D516B700412438 /* DesignableView.swift */,
				579AAC5522D53B7000B3DD09 /* UIColorHEXValues.swift */,
				579AAC5A22D53DDC00B3DD09 /* UIColorBrightness.swift */,
			);
			path = Core;
			sourceTree = "<group>";
		};
		57FAB0AA22CB63C80044DDDC = {
			isa = PBXGroup;
			children = (
				57FAB0B522CB63C80044DDDC /* Notes */,
				57FAB0CA22CB63CA0044DDDC /* NotesTests */,
				57FAB0B422CB63C80044DDDC /* Products */,
				DD1EA768CD89FFC860829042 /* Pods */,
				A51BBA5FAD51CFBA30430123 /* Frameworks */,
			);
			sourceTree = "<group>";
		};
		57FAB0B422CB63C80044DDDC /* Products */ = {
			isa = PBXGroup;
			children = (
				57FAB0B322CB63C80044DDDC /* Notes.app */,
				57FAB0C722CB63CA0044DDDC /* NotesTests.xctest */,
			);
			name = Products;
			sourceTree = "<group>";
		};
		57FAB0B522CB63C80044DDDC /* Notes */ = {
			isa = PBXGroup;
			children = (
				57FAB0DA22CB65870044DDDC /* App */,
				57D01C5922D516A000412438 /* Core */,
				57FAB0D822CB65490044DDDC /* Resources */,
				57FAB0D922CB65660044DDDC /* Environments */,
			);
			path = Notes;
			sourceTree = "<group>";
		};
		57FAB0CA22CB63CA0044DDDC /* NotesTests */ = {
			isa = PBXGroup;
			children = (
				57FAB0CD22CB63CA0044DDDC /* Info.plist */,
				57FAB0E122CB9DD90044DDDC /* FileNotebookTests.swift */,
				57FAB0E322CBB2DB0044DDDC /* NoteExtensionsTests.swift */,
				57FAB0E522CBB5810044DDDC /* NoteTests.swift */,
			);
			path = NotesTests;
			sourceTree = "<group>";
		};
		57FAB0D822CB65490044DDDC /* Resources */ = {
			isa = PBXGroup;
			children = (
				57FAB0BD22CB63CA0044DDDC /* Assets.xcassets */,
				57E5961F22CCFAD400D73B45 /* LaunchScreen.storyboard */,
			);
			path = Resources;
			sourceTree = "<group>";
		};
		57FAB0D922CB65660044DDDC /* Environments */ = {
			isa = PBXGroup;
			children = (
				57FAB0C222CB63CA0044DDDC /* Info.plist */,
			);
			path = Environments;
			sourceTree = "<group>";
		};
		57FAB0DA22CB65870044DDDC /* App */ = {
			isa = PBXGroup;
			children = (
				57FAB0B622CB63C80044DDDC /* AppDelegate.swift */,
				577AA4E122E908AD00FA4E52 /* BusinessLogic */,
				575D1CBA22CFC6BB00D40EB7 /* Entity */,
				57D01C5622D50B8000412438 /* Flows */,
			);
			path = App;
			sourceTree = "<group>";
		};
		A51BBA5FAD51CFBA30430123 /* Frameworks */ = {
			isa = PBXGroup;
			children = (
				09A3A0CBF0846AF82DA15BE0 /* libPods-Notes.a */,
				2ED5DFE0481618F037CD9B88 /* libPods-NotesTests.a */,
			);
			name = Frameworks;
			sourceTree = "<group>";
		};
		DD1EA768CD89FFC860829042 /* Pods */ = {
			isa = PBXGroup;
			children = (
				A71A08A80B511B24E6C65F1A /* Pods-Notes.debug.xcconfig */,
				5B2E8594C7D09C0140D1CDC1 /* Pods-Notes.release.xcconfig */,
				263DB9C6613F9C22A215C05A /* Pods-Notes.demo.xcconfig */,
				7C6F56E338FE799507EBB8BA /* Pods-NotesTests.debug.xcconfig */,
				90FB1C2BD0052AD79A0102BA /* Pods-NotesTests.release.xcconfig */,
				0AC5D6A210B2F2F9C698D1CB /* Pods-NotesTests.demo.xcconfig */,
			);
			path = Pods;
			sourceTree = "<group>";
		};
/* End PBXGroup section */

/* Begin PBXNativeTarget section */
		57FAB0B222CB63C80044DDDC /* Notes */ = {
			isa = PBXNativeTarget;
			buildConfigurationList = 57FAB0D022CB63CA0044DDDC /* Build configuration list for PBXNativeTarget "Notes" */;
			buildPhases = (
				067067D5CF3FE818B276C088 /* [CP] Check Pods Manifest.lock */,
				57FAB0AF22CB63C80044DDDC /* Sources */,
				57FAB0B022CB63C80044DDDC /* Frameworks */,
				57FAB0B122CB63C80044DDDC /* Resources */,
			);
			buildRules = (
			);
			dependencies = (
			);
			name = Notes;
			productName = Notes;
			productReference = 57FAB0B322CB63C80044DDDC /* Notes.app */;
			productType = "com.apple.product-type.application";
		};
		57FAB0C622CB63CA0044DDDC /* NotesTests */ = {
			isa = PBXNativeTarget;
			buildConfigurationList = 57FAB0D322CB63CA0044DDDC /* Build configuration list for PBXNativeTarget "NotesTests" */;
			buildPhases = (
				76F8A52D764CDC4E4B0075DB /* [CP] Check Pods Manifest.lock */,
				57FAB0C322CB63CA0044DDDC /* Sources */,
				57FAB0C422CB63CA0044DDDC /* Frameworks */,
				57FAB0C522CB63CA0044DDDC /* Resources */,
			);
			buildRules = (
			);
			dependencies = (
				57FAB0C922CB63CA0044DDDC /* PBXTargetDependency */,
			);
			name = NotesTests;
			productName = NotesTests;
			productReference = 57FAB0C722CB63CA0044DDDC /* NotesTests.xctest */;
			productType = "com.apple.product-type.bundle.unit-test";
		};
/* End PBXNativeTarget section */

/* Begin PBXProject section */
		57FAB0AB22CB63C80044DDDC /* Project object */ = {
			isa = PBXProject;
			attributes = {
				LastSwiftUpdateCheck = 1020;
				LastUpgradeCheck = 1020;
				ORGANIZATIONNAME = "Артем Куфаев";
				TargetAttributes = {
					57FAB0B222CB63C80044DDDC = {
						CreatedOnToolsVersion = 10.2.1;
					};
					57FAB0C622CB63CA0044DDDC = {
						CreatedOnToolsVersion = 10.2.1;
						LastSwiftMigration = 1020;
						TestTargetID = 57FAB0B222CB63C80044DDDC;
					};
				};
			};
			buildConfigurationList = 57FAB0AE22CB63C80044DDDC /* Build configuration list for PBXProject "Notes" */;
			compatibilityVersion = "Xcode 9.3";
			developmentRegion = en;
			hasScannedForEncodings = 0;
			knownRegions = (
				en,
				Base,
			);
			mainGroup = 57FAB0AA22CB63C80044DDDC;
			productRefGroup = 57FAB0B422CB63C80044DDDC /* Products */;
			projectDirPath = "";
			projectRoot = "";
			targets = (
				57FAB0B222CB63C80044DDDC /* Notes */,
				57FAB0C622CB63CA0044DDDC /* NotesTests */,
			);
		};
/* End PBXProject section */

/* Begin PBXResourcesBuildPhase section */
		57FAB0B122CB63C80044DDDC /* Resources */ = {
			isa = PBXResourcesBuildPhase;
			buildActionMask = 2147483647;
			files = (
				57D01C5822D50C5F00412438 /* Main.storyboard in Resources */,
				57FAB0BE22CB63CA0044DDDC /* Assets.xcassets in Resources */,
				57E5962022CCFAD400D73B45 /* LaunchScreen.storyboard in Resources */,
			);
			runOnlyForDeploymentPostprocessing = 0;
		};
		57FAB0C522CB63CA0044DDDC /* Resources */ = {
			isa = PBXResourcesBuildPhase;
			buildActionMask = 2147483647;
			files = (
			);
			runOnlyForDeploymentPostprocessing = 0;
		};
/* End PBXResourcesBuildPhase section */

/* Begin PBXShellScriptBuildPhase section */
		067067D5CF3FE818B276C088 /* [CP] Check Pods Manifest.lock */ = {
			isa = PBXShellScriptBuildPhase;
			buildActionMask = 2147483647;
			files = (
			);
			inputFileListPaths = (
			);
			inputPaths = (
				"${PODS_PODFILE_DIR_PATH}/Podfile.lock",
				"${PODS_ROOT}/Manifest.lock",
			);
			name = "[CP] Check Pods Manifest.lock";
			outputFileListPaths = (
			);
			outputPaths = (
				"$(DERIVED_FILE_DIR)/Pods-Notes-checkManifestLockResult.txt",
			);
			runOnlyForDeploymentPostprocessing = 0;
			shellPath = /bin/sh;
			shellScript = "diff \"${PODS_PODFILE_DIR_PATH}/Podfile.lock\" \"${PODS_ROOT}/Manifest.lock\" > /dev/null\nif [ $? != 0 ] ; then\n    # print error to STDERR\n    echo \"error: The sandbox is not in sync with the Podfile.lock. Run 'pod install' or update your CocoaPods installation.\" >&2\n    exit 1\nfi\n# This output is used by Xcode 'outputs' to avoid re-running this script phase.\necho \"SUCCESS\" > \"${SCRIPT_OUTPUT_FILE_0}\"\n";
			showEnvVarsInLog = 0;
		};
		76F8A52D764CDC4E4B0075DB /* [CP] Check Pods Manifest.lock */ = {
			isa = PBXShellScriptBuildPhase;
			buildActionMask = 2147483647;
			files = (
			);
			inputFileListPaths = (
			);
			inputPaths = (
				"${PODS_PODFILE_DIR_PATH}/Podfile.lock",
				"${PODS_ROOT}/Manifest.lock",
			);
			name = "[CP] Check Pods Manifest.lock";
			outputFileListPaths = (
			);
			outputPaths = (
				"$(DERIVED_FILE_DIR)/Pods-NotesTests-checkManifestLockResult.txt",
			);
			runOnlyForDeploymentPostprocessing = 0;
			shellPath = /bin/sh;
			shellScript = "diff \"${PODS_PODFILE_DIR_PATH}/Podfile.lock\" \"${PODS_ROOT}/Manifest.lock\" > /dev/null\nif [ $? != 0 ] ; then\n    # print error to STDERR\n    echo \"error: The sandbox is not in sync with the Podfile.lock. Run 'pod install' or update your CocoaPods installation.\" >&2\n    exit 1\nfi\n# This output is used by Xcode 'outputs' to avoid re-running this script phase.\necho \"SUCCESS\" > \"${SCRIPT_OUTPUT_FILE_0}\"\n";
			showEnvVarsInLog = 0;
		};
/* End PBXShellScriptBuildPhase section */

/* Begin PBXSourcesBuildPhase section */
		57FAB0AF22CB63C80044DDDC /* Sources */ = {
			isa = PBXSourcesBuildPhase;
			buildActionMask = 2147483647;
			files = (
				57E56C5B22EA2CCB0006087C /* SaveNoteDBOperation.swift in Sources */,
				57E56C5422EA2CBD0006087C /* SaveNotesBackendOperation.swift in Sources */,
				57E56C5522EA2CBD0006087C /* BaseBackendOperation.swift in Sources */,
				579AAC4E22D52C5E00B3DD09 /* ColorPickerView.swift in Sources */,
				57C4D2CD22D8B7BB00E7F86E /* GalleryViewerViewController.swift in Sources */,
				57D01C5B22D516B700412438 /* DesignableView.swift in Sources */,
				579AAC5422D539C200B3DD09 /* ColorPickerViewController.swift in Sources */,
				57E56C5E22EA2CCB0006087C /* LoadNotesDBOperation.swift in Sources */,
				577AA4FB22E90A5000FA4E52 /* NetworkError.swift in Sources */,
				57FAB0B722CB63C80044DDDC /* AppDelegate.swift in Sources */,
				57E56C5D22EA2CCB0006087C /* RemoveNoteDBOperation.swift in Sources */,
				57FAB0DE22CB66160044DDDC /* NoteExtension.swift in Sources */,
				579AAC6222D5CFDC00B3DD09 /* NoteTableViewController.swift in Sources */,
				579AAC5B22D53DDC00B3DD09 /* UIColorBrightness.swift in Sources */,
				57E56C5C22EA2CCB0006087C /* BaseDBOperation.swift in Sources */,
				57FAB0E022CB972D0044DDDC /* FileNotebook.swift in Sources */,
				57D01C5D22D5180300412438 /* EditNoteViewController.swift in Sources */,
				57E56C6422EA2CD30006087C /* LoadNotesOperation.swift in Sources */,
				57C4D2D122D8CC6900E7F86E /* GalleryPhotoViewCell.swift in Sources */,
				57FAB0D722CB643C0044DDDC /* Note.swift in Sources */,
				579AAC4C22D5228E00B3DD09 /* ColorPickButton.swift in Sources */,
				57C4D2CF22D8CB3200E7F86E /* GalleryViewController.swift in Sources */,
				57E56C6322EA2CD30006087C /* RemoveNoteOperation.swift in Sources */,
				579AAC5622D53B7000B3DD09 /* UIColorHEXValues.swift in Sources */,
				57E56C5622EA2CBD0006087C /* LoadNotesBackendOperation.swift in Sources */,
				57E56C5022EA2CB10006087C /* AsyncOperation.swift in Sources */,
				57E56C6222EA2CD30006087C /* SaveNoteOperation.swift in Sources */,
				579AAC6022D5CFC300B3DD09 /* NoteTableViewCell.swift in Sources */,
			);
			runOnlyForDeploymentPostprocessing = 0;
		};
		57FAB0C322CB63CA0044DDDC /* Sources */ = {
			isa = PBXSourcesBuildPhase;
			buildActionMask = 2147483647;
			files = (
				57FAB0E622CBB5810044DDDC /* NoteTests.swift in Sources */,
				57FAB0E222CB9DD90044DDDC /* FileNotebookTests.swift in Sources */,
				57FAB0E422CBB2DB0044DDDC /* NoteExtensionsTests.swift in Sources */,
			);
			runOnlyForDeploymentPostprocessing = 0;
		};
/* End PBXSourcesBuildPhase section */

/* Begin PBXTargetDependency section */
		57FAB0C922CB63CA0044DDDC /* PBXTargetDependency */ = {
			isa = PBXTargetDependency;
			target = 57FAB0B222CB63C80044DDDC /* Notes */;
			targetProxy = 57FAB0C822CB63CA0044DDDC /* PBXContainerItemProxy */;
		};
/* End PBXTargetDependency section */

/* Begin XCBuildConfiguration section */
		57E5962422CE2A6E00D73B45 /* Demo */ = {
			isa = XCBuildConfiguration;
			buildSettings = {
				ALWAYS_SEARCH_USER_PATHS = NO;
				CLANG_ANALYZER_NONNULL = YES;
				CLANG_ANALYZER_NUMBER_OBJECT_CONVERSION = YES_AGGRESSIVE;
				CLANG_CXX_LANGUAGE_STANDARD = "gnu++14";
				CLANG_CXX_LIBRARY = "libc++";
				CLANG_ENABLE_MODULES = YES;
				CLANG_ENABLE_OBJC_ARC = YES;
				CLANG_ENABLE_OBJC_WEAK = YES;
				CLANG_WARN_BLOCK_CAPTURE_AUTORELEASING = YES;
				CLANG_WARN_BOOL_CONVERSION = YES;
				CLANG_WARN_COMMA = YES;
				CLANG_WARN_CONSTANT_CONVERSION = YES;
				CLANG_WARN_DEPRECATED_OBJC_IMPLEMENTATIONS = YES;
				CLANG_WARN_DIRECT_OBJC_ISA_USAGE = YES_ERROR;
				CLANG_WARN_DOCUMENTATION_COMMENTS = YES;
				CLANG_WARN_EMPTY_BODY = YES;
				CLANG_WARN_ENUM_CONVERSION = YES;
				CLANG_WARN_INFINITE_RECURSION = YES;
				CLANG_WARN_INT_CONVERSION = YES;
				CLANG_WARN_NON_LITERAL_NULL_CONVERSION = YES;
				CLANG_WARN_OBJC_IMPLICIT_RETAIN_SELF = YES;
				CLANG_WARN_OBJC_LITERAL_CONVERSION = YES;
				CLANG_WARN_OBJC_ROOT_CLASS = YES_ERROR;
				CLANG_WARN_RANGE_LOOP_ANALYSIS = YES;
				CLANG_WARN_STRICT_PROTOTYPES = YES;
				CLANG_WARN_SUSPICIOUS_MOVE = YES;
				CLANG_WARN_UNGUARDED_AVAILABILITY = YES_AGGRESSIVE;
				CLANG_WARN_UNREACHABLE_CODE = YES;
				CLANG_WARN__DUPLICATE_METHOD_MATCH = YES;
				CODE_SIGN_IDENTITY = "iPhone Developer";
				COPY_PHASE_STRIP = NO;
				DEBUG_INFORMATION_FORMAT = "dwarf-with-dsym";
				ENABLE_NS_ASSERTIONS = NO;
				ENABLE_STRICT_OBJC_MSGSEND = YES;
				GCC_C_LANGUAGE_STANDARD = gnu11;
				GCC_NO_COMMON_BLOCKS = YES;
				GCC_PREPROCESSOR_DEFINITIONS = "DEMO=1";
				GCC_WARN_64_TO_32_BIT_CONVERSION = YES;
				GCC_WARN_ABOUT_RETURN_TYPE = YES_ERROR;
				GCC_WARN_UNDECLARED_SELECTOR = YES;
				GCC_WARN_UNINITIALIZED_AUTOS = YES_AGGRESSIVE;
				GCC_WARN_UNUSED_FUNCTION = YES;
				GCC_WARN_UNUSED_VARIABLE = YES;
				IPHONEOS_DEPLOYMENT_TARGET = 12.2;
				MTL_ENABLE_DEBUG_INFO = NO;
				MTL_FAST_MATH = YES;
				SDKROOT = iphoneos;
				SWIFT_COMPILATION_MODE = wholemodule;
				SWIFT_OPTIMIZATION_LEVEL = "-O";
				VALIDATE_PRODUCT = YES;
			};
			name = Demo;
		};
		57E5962522CE2A6E00D73B45 /* Demo */ = {
			isa = XCBuildConfiguration;
			baseConfigurationReference = 263DB9C6613F9C22A215C05A /* Pods-Notes.demo.xcconfig */;
			buildSettings = {
				ASSETCATALOG_COMPILER_APPICON_NAME = AppIcon;
				CODE_SIGN_STYLE = Automatic;
				DEVELOPMENT_TEAM = YX6VKW92JQ;
				INFOPLIST_FILE = "$(SRCROOT)/Notes/Environments/Info.plist";
				IPHONEOS_DEPLOYMENT_TARGET = 11.4;
				LD_RUNPATH_SEARCH_PATHS = (
					"$(inherited)",
					"@executable_path/Frameworks",
				);
				OTHER_SWIFT_FLAGS = "$(inherited) -DDEMO";
				PRODUCT_BUNDLE_IDENTIFIER = artemkufaev.Notes;
				PRODUCT_NAME = "$(TARGET_NAME)";
				SWIFT_VERSION = 4.2;
				TARGETED_DEVICE_FAMILY = "1,2";
			};
			name = Demo;
		};
		57E5962622CE2A6E00D73B45 /* Demo */ = {
			isa = XCBuildConfiguration;
			baseConfigurationReference = 0AC5D6A210B2F2F9C698D1CB /* Pods-NotesTests.demo.xcconfig */;
			buildSettings = {
				ALWAYS_EMBED_SWIFT_STANDARD_LIBRARIES = YES;
				BUNDLE_LOADER = "$(TEST_HOST)";
				CLANG_ENABLE_MODULES = YES;
				CODE_SIGN_STYLE = Automatic;
				DEVELOPMENT_TEAM = YX6VKW92JQ;
				INFOPLIST_FILE = NotesTests/Info.plist;
				LD_RUNPATH_SEARCH_PATHS = (
					"$(inherited)",
					"@executable_path/Frameworks",
					"@loader_path/Frameworks",
				);
				PRODUCT_BUNDLE_IDENTIFIER = artemkufaev.NotesTests;
				PRODUCT_NAME = "$(TARGET_NAME)";
				SWIFT_VERSION = 5.0;
				TARGETED_DEVICE_FAMILY = "1,2";
				TEST_HOST = "$(BUILT_PRODUCTS_DIR)/Notes.app/Notes";
			};
			name = Demo;
		};
		57FAB0CE22CB63CA0044DDDC /* Debug */ = {
			isa = XCBuildConfiguration;
			buildSettings = {
				ALWAYS_SEARCH_USER_PATHS = NO;
				CLANG_ANALYZER_NONNULL = YES;
				CLANG_ANALYZER_NUMBER_OBJECT_CONVERSION = YES_AGGRESSIVE;
				CLANG_CXX_LANGUAGE_STANDARD = "gnu++14";
				CLANG_CXX_LIBRARY = "libc++";
				CLANG_ENABLE_MODULES = YES;
				CLANG_ENABLE_OBJC_ARC = YES;
				CLANG_ENABLE_OBJC_WEAK = YES;
				CLANG_WARN_BLOCK_CAPTURE_AUTORELEASING = YES;
				CLANG_WARN_BOOL_CONVERSION = YES;
				CLANG_WARN_COMMA = YES;
				CLANG_WARN_CONSTANT_CONVERSION = YES;
				CLANG_WARN_DEPRECATED_OBJC_IMPLEMENTATIONS = YES;
				CLANG_WARN_DIRECT_OBJC_ISA_USAGE = YES_ERROR;
				CLANG_WARN_DOCUMENTATION_COMMENTS = YES;
				CLANG_WARN_EMPTY_BODY = YES;
				CLANG_WARN_ENUM_CONVERSION = YES;
				CLANG_WARN_INFINITE_RECURSION = YES;
				CLANG_WARN_INT_CONVERSION = YES;
				CLANG_WARN_NON_LITERAL_NULL_CONVERSION = YES;
				CLANG_WARN_OBJC_IMPLICIT_RETAIN_SELF = YES;
				CLANG_WARN_OBJC_LITERAL_CONVERSION = YES;
				CLANG_WARN_OBJC_ROOT_CLASS = YES_ERROR;
				CLANG_WARN_RANGE_LOOP_ANALYSIS = YES;
				CLANG_WARN_STRICT_PROTOTYPES = YES;
				CLANG_WARN_SUSPICIOUS_MOVE = YES;
				CLANG_WARN_UNGUARDED_AVAILABILITY = YES_AGGRESSIVE;
				CLANG_WARN_UNREACHABLE_CODE = YES;
				CLANG_WARN__DUPLICATE_METHOD_MATCH = YES;
				CODE_SIGN_IDENTITY = "iPhone Developer";
				COPY_PHASE_STRIP = NO;
				DEBUG_INFORMATION_FORMAT = dwarf;
				ENABLE_STRICT_OBJC_MSGSEND = YES;
				ENABLE_TESTABILITY = YES;
				GCC_C_LANGUAGE_STANDARD = gnu11;
				GCC_DYNAMIC_NO_PIC = NO;
				GCC_NO_COMMON_BLOCKS = YES;
				GCC_OPTIMIZATION_LEVEL = 0;
				GCC_PREPROCESSOR_DEFINITIONS = (
					"DEBUG=1",
					"$(inherited)",
				);
				GCC_WARN_64_TO_32_BIT_CONVERSION = YES;
				GCC_WARN_ABOUT_RETURN_TYPE = YES_ERROR;
				GCC_WARN_UNDECLARED_SELECTOR = YES;
				GCC_WARN_UNINITIALIZED_AUTOS = YES_AGGRESSIVE;
				GCC_WARN_UNUSED_FUNCTION = YES;
				GCC_WARN_UNUSED_VARIABLE = YES;
				IPHONEOS_DEPLOYMENT_TARGET = 12.2;
				MTL_ENABLE_DEBUG_INFO = INCLUDE_SOURCE;
				MTL_FAST_MATH = YES;
				ONLY_ACTIVE_ARCH = YES;
				SDKROOT = iphoneos;
				SWIFT_ACTIVE_COMPILATION_CONDITIONS = DEBUG;
				SWIFT_OPTIMIZATION_LEVEL = "-Onone";
			};
			name = Debug;
		};
		57FAB0CF22CB63CA0044DDDC /* Release */ = {
			isa = XCBuildConfiguration;
			buildSettings = {
				ALWAYS_SEARCH_USER_PATHS = NO;
				CLANG_ANALYZER_NONNULL = YES;
				CLANG_ANALYZER_NUMBER_OBJECT_CONVERSION = YES_AGGRESSIVE;
				CLANG_CXX_LANGUAGE_STANDARD = "gnu++14";
				CLANG_CXX_LIBRARY = "libc++";
				CLANG_ENABLE_MODULES = YES;
				CLANG_ENABLE_OBJC_ARC = YES;
				CLANG_ENABLE_OBJC_WEAK = YES;
				CLANG_WARN_BLOCK_CAPTURE_AUTORELEASING = YES;
				CLANG_WARN_BOOL_CONVERSION = YES;
				CLANG_WARN_COMMA = YES;
				CLANG_WARN_CONSTANT_CONVERSION = YES;
				CLANG_WARN_DEPRECATED_OBJC_IMPLEMENTATIONS = YES;
				CLANG_WARN_DIRECT_OBJC_ISA_USAGE = YES_ERROR;
				CLANG_WARN_DOCUMENTATION_COMMENTS = YES;
				CLANG_WARN_EMPTY_BODY = YES;
				CLANG_WARN_ENUM_CONVERSION = YES;
				CLANG_WARN_INFINITE_RECURSION = YES;
				CLANG_WARN_INT_CONVERSION = YES;
				CLANG_WARN_NON_LITERAL_NULL_CONVERSION = YES;
				CLANG_WARN_OBJC_IMPLICIT_RETAIN_SELF = YES;
				CLANG_WARN_OBJC_LITERAL_CONVERSION = YES;
				CLANG_WARN_OBJC_ROOT_CLASS = YES_ERROR;
				CLANG_WARN_RANGE_LOOP_ANALYSIS = YES;
				CLANG_WARN_STRICT_PROTOTYPES = YES;
				CLANG_WARN_SUSPICIOUS_MOVE = YES;
				CLANG_WARN_UNGUARDED_AVAILABILITY = YES_AGGRESSIVE;
				CLANG_WARN_UNREACHABLE_CODE = YES;
				CLANG_WARN__DUPLICATE_METHOD_MATCH = YES;
				CODE_SIGN_IDENTITY = "iPhone Developer";
				COPY_PHASE_STRIP = NO;
				DEBUG_INFORMATION_FORMAT = "dwarf-with-dsym";
				ENABLE_NS_ASSERTIONS = NO;
				ENABLE_STRICT_OBJC_MSGSEND = YES;
				GCC_C_LANGUAGE_STANDARD = gnu11;
				GCC_NO_COMMON_BLOCKS = YES;
				GCC_WARN_64_TO_32_BIT_CONVERSION = YES;
				GCC_WARN_ABOUT_RETURN_TYPE = YES_ERROR;
				GCC_WARN_UNDECLARED_SELECTOR = YES;
				GCC_WARN_UNINITIALIZED_AUTOS = YES_AGGRESSIVE;
				GCC_WARN_UNUSED_FUNCTION = YES;
				GCC_WARN_UNUSED_VARIABLE = YES;
				IPHONEOS_DEPLOYMENT_TARGET = 12.2;
				MTL_ENABLE_DEBUG_INFO = NO;
				MTL_FAST_MATH = YES;
				SDKROOT = iphoneos;
				SWIFT_COMPILATION_MODE = wholemodule;
				SWIFT_OPTIMIZATION_LEVEL = "-O";
				VALIDATE_PRODUCT = YES;
			};
			name = Release;
		};
		57FAB0D122CB63CA0044DDDC /* Debug */ = {
			isa = XCBuildConfiguration;
			baseConfigurationReference = A71A08A80B511B24E6C65F1A /* Pods-Notes.debug.xcconfig */;
			buildSettings = {
				ASSETCATALOG_COMPILER_APPICON_NAME = AppIcon;
				CODE_SIGN_STYLE = Automatic;
				DEVELOPMENT_TEAM = YX6VKW92JQ;
				INFOPLIST_FILE = "$(SRCROOT)/Notes/Environments/Info.plist";
				IPHONEOS_DEPLOYMENT_TARGET = 11.4;
				LD_RUNPATH_SEARCH_PATHS = (
					"$(inherited)",
					"@executable_path/Frameworks",
				);
				OTHER_SWIFT_FLAGS = "$(inherited) -DDEBUG";
				PRODUCT_BUNDLE_IDENTIFIER = artemkufaev.Notes;
				PRODUCT_NAME = "$(TARGET_NAME)";
				SWIFT_VERSION = 4.2;
				TARGETED_DEVICE_FAMILY = "1,2";
			};
			name = Debug;
		};
		57FAB0D222CB63CA0044DDDC /* Release */ = {
			isa = XCBuildConfiguration;
			baseConfigurationReference = 5B2E8594C7D09C0140D1CDC1 /* Pods-Notes.release.xcconfig */;
			buildSettings = {
				ASSETCATALOG_COMPILER_APPICON_NAME = AppIcon;
				CODE_SIGN_STYLE = Automatic;
				DEVELOPMENT_TEAM = YX6VKW92JQ;
				INFOPLIST_FILE = "$(SRCROOT)/Notes/Environments/Info.plist";
				IPHONEOS_DEPLOYMENT_TARGET = 11.4;
				LD_RUNPATH_SEARCH_PATHS = (
					"$(inherited)",
					"@executable_path/Frameworks",
				);
				PRODUCT_BUNDLE_IDENTIFIER = artemkufaev.Notes;
				PRODUCT_NAME = "$(TARGET_NAME)";
				SWIFT_VERSION = 4.2;
				TARGETED_DEVICE_FAMILY = "1,2";
			};
			name = Release;
		};
		57FAB0D422CB63CA0044DDDC /* Debug */ = {
			isa = XCBuildConfiguration;
			baseConfigurationReference = 7C6F56E338FE799507EBB8BA /* Pods-NotesTests.debug.xcconfig */;
			buildSettings = {
				ALWAYS_EMBED_SWIFT_STANDARD_LIBRARIES = YES;
				BUNDLE_LOADER = "$(TEST_HOST)";
				CLANG_ENABLE_MODULES = YES;
				CODE_SIGN_STYLE = Automatic;
				DEVELOPMENT_TEAM = YX6VKW92JQ;
				INFOPLIST_FILE = NotesTests/Info.plist;
				LD_RUNPATH_SEARCH_PATHS = (
					"$(inherited)",
					"@executable_path/Frameworks",
					"@loader_path/Frameworks",
				);
				PRODUCT_BUNDLE_IDENTIFIER = artemkufaev.NotesTests;
				PRODUCT_NAME = "$(TARGET_NAME)";
				SWIFT_OPTIMIZATION_LEVEL = "-Onone";
				SWIFT_VERSION = 5.0;
				TARGETED_DEVICE_FAMILY = "1,2";
				TEST_HOST = "$(BUILT_PRODUCTS_DIR)/Notes.app/Notes";
			};
			name = Debug;
		};
		57FAB0D522CB63CA0044DDDC /* Release */ = {
			isa = XCBuildConfiguration;
			baseConfigurationReference = 90FB1C2BD0052AD79A0102BA /* Pods-NotesTests.release.xcconfig */;
			buildSettings = {
				ALWAYS_EMBED_SWIFT_STANDARD_LIBRARIES = YES;
				BUNDLE_LOADER = "$(TEST_HOST)";
				CLANG_ENABLE_MODULES = YES;
				CODE_SIGN_STYLE = Automatic;
				DEVELOPMENT_TEAM = YX6VKW92JQ;
				INFOPLIST_FILE = NotesTests/Info.plist;
				LD_RUNPATH_SEARCH_PATHS = (
					"$(inherited)",
					"@executable_path/Frameworks",
					"@loader_path/Frameworks",
				);
				PRODUCT_BUNDLE_IDENTIFIER = artemkufaev.NotesTests;
				PRODUCT_NAME = "$(TARGET_NAME)";
				SWIFT_VERSION = 5.0;
				TARGETED_DEVICE_FAMILY = "1,2";
				TEST_HOST = "$(BUILT_PRODUCTS_DIR)/Notes.app/Notes";
			};
			name = Release;
		};
/* End XCBuildConfiguration section */

/* Begin XCConfigurationList section */
		57FAB0AE22CB63C80044DDDC /* Build configuration list for PBXProject "Notes" */ = {
			isa = XCConfigurationList;
			buildConfigurations = (
				57FAB0CE22CB63CA0044DDDC /* Debug */,
				57FAB0CF22CB63CA0044DDDC /* Release */,
				57E5962422CE2A6E00D73B45 /* Demo */,
			);
			defaultConfigurationIsVisible = 0;
			defaultConfigurationName = Release;
		};
		57FAB0D022CB63CA0044DDDC /* Build configuration list for PBXNativeTarget "Notes" */ = {
			isa = XCConfigurationList;
			buildConfigurations = (
				57FAB0D122CB63CA0044DDDC /* Debug */,
				57FAB0D222CB63CA0044DDDC /* Release */,
				57E5962522CE2A6E00D73B45 /* Demo */,
			);
			defaultConfigurationIsVisible = 0;
			defaultConfigurationName = Release;
		};
		57FAB0D322CB63CA0044DDDC /* Build configuration list for PBXNativeTarget "NotesTests" */ = {
			isa = XCConfigurationList;
			buildConfigurations = (
				57FAB0D422CB63CA0044DDDC /* Debug */,
				57FAB0D522CB63CA0044DDDC /* Release */,
				57E5962622CE2A6E00D73B45 /* Demo */,
			);
			defaultConfigurationIsVisible = 0;
			defaultConfigurationName = Release;
		};
/* End XCConfigurationList section */
	};
	rootObject = 57FAB0AB22CB63C80044DDDC /* Project object */;
}
