// !$*UTF8*$!
{
	archiveVersion = 1;
	classes = {
	};
	objectVersion = 50;
	objects = {

/* Begin PBXBuildFile section */
		57FAB0B722CB63C80044DDDC /* AppDelegate.swift in Sources */ = {isa = PBXBuildFile; fileRef = 57FAB0B622CB63C80044DDDC /* AppDelegate.swift */; };
		57FAB0BE22CB63CA0044DDDC /* Assets.xcassets in Resources */ = {isa = PBXBuildFile; fileRef = 57FAB0BD22CB63CA0044DDDC /* Assets.xcassets */; };
		57FAB0C122CB63CA0044DDDC /* LaunchScreen.storyboard in Resources */ = {isa = PBXBuildFile; fileRef = 57FAB0BF22CB63CA0044DDDC /* LaunchScreen.storyboard */; };
		57FAB0CC22CB63CA0044DDDC /* NotesTests.swift in Sources */ = {isa = PBXBuildFile; fileRef = 57FAB0CB22CB63CA0044DDDC /* NotesTests.swift */; };
		57FAB0D722CB643C0044DDDC /* Note.swift in Sources */ = {isa = PBXBuildFile; fileRef = 57FAB0D622CB643C0044DDDC /* Note.swift */; };
		57FAB0DE22CB66160044DDDC /* NoteExtension.swift in Sources */ = {isa = PBXBuildFile; fileRef = 57FAB0DD22CB66160044DDDC /* NoteExtension.swift */; };
/* End PBXBuildFile section */

/* Begin PBXContainerItemProxy section */
		57FAB0C822CB63CA0044DDDC /* PBXContainerItemProxy */ = {
			isa = PBXContainerItemProxy;
			containerPortal = 57FAB0AB22CB63C80044DDDC /* Project object */;
			proxyType = 1;
			remoteGlobalIDString = 57FAB0B222CB63C80044DDDC;
			remoteInfo = Notes;
		};
/* End PBXContainerItemProxy section */

/* Begin PBXFileReference section */
		57FAB0B322CB63C80044DDDC /* Notes.app */ = {isa = PBXFileReference; explicitFileType = wrapper.application; includeInIndex = 0; path = Notes.app; sourceTree = BUILT_PRODUCTS_DIR; };
		57FAB0B622CB63C80044DDDC /* AppDelegate.swift */ = {isa = PBXFileReference; lastKnownFileType = sourcecode.swift; path = AppDelegate.swift; sourceTree = "<group>"; };
		57FAB0BD22CB63CA0044DDDC /* Assets.xcassets */ = {isa = PBXFileReference; lastKnownFileType = folder.assetcatalog; path = Assets.xcassets; sourceTree = "<group>"; };
		57FAB0C022CB63CA0044DDDC /* Base */ = {isa = PBXFileReference; lastKnownFileType = file.storyboard; name = Base; path = Base.lproj/LaunchScreen.storyboard; sourceTree = "<group>"; };
		57FAB0C222CB63CA0044DDDC /* Info.plist */ = {isa = PBXFileReference; lastKnownFileType = text.plist.xml; path = Info.plist; sourceTree = "<group>"; };
		57FAB0C722CB63CA0044DDDC /* NotesTests.xctest */ = {isa = PBXFileReference; explicitFileType = wrapper.cfbundle; includeInIndex = 0; path = NotesTests.xctest; sourceTree = BUILT_PRODUCTS_DIR; };
		57FAB0CB22CB63CA0044DDDC /* NotesTests.swift */ = {isa = PBXFileReference; lastKnownFileType = sourcecode.swift; path = NotesTests.swift; sourceTree = "<group>"; };
		57FAB0CD22CB63CA0044DDDC /* Info.plist */ = {isa = PBXFileReference; lastKnownFileType = text.plist.xml; path = Info.plist; sourceTree = "<group>"; };
		57FAB0D622CB643C0044DDDC /* Note.swift */ = {isa = PBXFileReference; lastKnownFileType = sourcecode.swift; path = Note.swift; sourceTree = "<group>"; };
		57FAB0DD22CB66160044DDDC /* NoteExtension.swift */ = {isa = PBXFileReference; lastKnownFileType = sourcecode.swift; path = NoteExtension.swift; sourceTree = "<group>"; };
/* End PBXFileReference section */

/* Begin PBXFrameworksBuildPhase section */
		57FAB0B022CB63C80044DDDC /* Frameworks */ = {
			isa = PBXFrameworksBuildPhase;
			buildActionMask = 2147483647;
			files = (
			);
			runOnlyForDeploymentPostprocessing = 0;
		};
		57FAB0C422CB63CA0044DDDC /* Frameworks */ = {
			isa = PBXFrameworksBuildPhase;
			buildActionMask = 2147483647;
			files = (
			);
			runOnlyForDeploymentPostprocessing = 0;
		};
/* End PBXFrameworksBuildPhase section */

/* Begin PBXGroup section */
		57FAB0AA22CB63C80044DDDC = {
			isa = PBXGroup;
			children = (
				57FAB0B522CB63C80044DDDC /* Notes */,
				57FAB0CA22CB63CA0044DDDC /* NotesTests */,
				57FAB0B422CB63C80044DDDC /* Products */,
			);
			sourceTree = "<group>";
		};
		57FAB0B422CB63C80044DDDC /* Products */ = {
			isa = PBXGroup;
			children = (
				57FAB0B322CB63C80044DDDC /* Notes.app */,
				57FAB0C722CB63CA0044DDDC /* NotesTests.xctest */,
			);
			name = Products;
			sourceTree = "<group>";
		};
		57FAB0B522CB63C80044DDDC /* Notes */ = {
			isa = PBXGroup;
			children = (
				57FAB0DA22CB65870044DDDC /* App */,
				57FAB0D822CB65490044DDDC /* Resources */,
				57FAB0D922CB65660044DDDC /* Enviroments */,
			);
			path = Notes;
			sourceTree = "<group>";
		};
		57FAB0CA22CB63CA0044DDDC /* NotesTests */ = {
			isa = PBXGroup;
			children = (
				57FAB0CB22CB63CA0044DDDC /* NotesTests.swift */,
				57FAB0CD22CB63CA0044DDDC /* Info.plist */,
			);
			path = NotesTests;
			sourceTree = "<group>";
		};
		57FAB0D822CB65490044DDDC /* Resources */ = {
			isa = PBXGroup;
			children = (
				57FAB0BD22CB63CA0044DDDC /* Assets.xcassets */,
				57FAB0BF22CB63CA0044DDDC /* LaunchScreen.storyboard */,
			);
			path = Resources;
			sourceTree = "<group>";
		};
		57FAB0D922CB65660044DDDC /* Enviroments */ = {
			isa = PBXGroup;
			children = (
				57FAB0C222CB63CA0044DDDC /* Info.plist */,
			);
			path = Enviroments;
			sourceTree = "<group>";
		};
		57FAB0DA22CB65870044DDDC /* App */ = {
			isa = PBXGroup;
			children = (
				57FAB0B622CB63C80044DDDC /* AppDelegate.swift */,
				57FAB0DC22CB65A50044DDDC /* Entity */,
			);
			path = App;
			sourceTree = "<group>";
		};
		57FAB0DC22CB65A50044DDDC /* Entity */ = {
			isa = PBXGroup;
			children = (
				57FAB0D622CB643C0044DDDC /* Note.swift */,
				57FAB0DD22CB66160044DDDC /* NoteExtension.swift */,
			);
			path = Entity;
			sourceTree = "<group>";
		};
/* End PBXGroup section */

/* Begin PBXNativeTarget section */
		57FAB0B222CB63C80044DDDC /* Notes */ = {
			isa = PBXNativeTarget;
			buildConfigurationList = 57FAB0D022CB63CA0044DDDC /* Build configuration list for PBXNativeTarget "Notes" */;
			buildPhases = (
				57FAB0AF22CB63C80044DDDC /* Sources */,
				57FAB0B022CB63C80044DDDC /* Frameworks */,
				57FAB0B122CB63C80044DDDC /* Resources */,
			);
			buildRules = (
			);
			dependencies = (
			);
			name = Notes;
			productName = Notes;
			productReference = 57FAB0B322CB63C80044DDDC /* Notes.app */;
			productType = "com.apple.product-type.application";
		};
		57FAB0C622CB63CA0044DDDC /* NotesTests */ = {
			isa = PBXNativeTarget;
			buildConfigurationList = 57FAB0D322CB63CA0044DDDC /* Build configuration list for PBXNativeTarget "NotesTests" */;
			buildPhases = (
				57FAB0C322CB63CA0044DDDC /* Sources */,
				57FAB0C422CB63CA0044DDDC /* Frameworks */,
				57FAB0C522CB63CA0044DDDC /* Resources */,
			);
			buildRules = (
			);
			dependencies = (
				57FAB0C922CB63CA0044DDDC /* PBXTargetDependency */,
			);
			name = NotesTests;
			productName = NotesTests;
			productReference = 57FAB0C722CB63CA0044DDDC /* NotesTests.xctest */;
			productType = "com.apple.product-type.bundle.unit-test";
		};
/* End PBXNativeTarget section */

/* Begin PBXProject section */
		57FAB0AB22CB63C80044DDDC /* Project object */ = {
			isa = PBXProject;
			attributes = {
				LastSwiftUpdateCheck = 1020;
				LastUpgradeCheck = 1020;
				ORGANIZATIONNAME = "Артем Куфаев";
				TargetAttributes = {
					57FAB0B222CB63C80044DDDC = {
						CreatedOnToolsVersion = 10.2.1;
					};
					57FAB0C622CB63CA0044DDDC = {
						CreatedOnToolsVersion = 10.2.1;
						TestTargetID = 57FAB0B222CB63C80044DDDC;
					};
				};
			};
			buildConfigurationList = 57FAB0AE22CB63C80044DDDC /* Build configuration list for PBXProject "Notes" */;
			compatibilityVersion = "Xcode 9.3";
			developmentRegion = en;
			hasScannedForEncodings = 0;
			knownRegions = (
				en,
				Base,
			);
			mainGroup = 57FAB0AA22CB63C80044DDDC;
			productRefGroup = 57FAB0B422CB63C80044DDDC /* Products */;
			projectDirPath = "";
			projectRoot = "";
			targets = (
				57FAB0B222CB63C80044DDDC /* Notes */,
				57FAB0C622CB63CA0044DDDC /* NotesTests */,
			);
		};
/* End PBXProject section */

/* Begin PBXResourcesBuildPhase section */
		57FAB0B122CB63C80044DDDC /* Resources */ = {
			isa = PBXResourcesBuildPhase;
			buildActionMask = 2147483647;
			files = (
				57FAB0C122CB63CA0044DDDC /* LaunchScreen.storyboard in Resources */,
				57FAB0BE22CB63CA0044DDDC /* Assets.xcassets in Resources */,
			);
			runOnlyForDeploymentPostprocessing = 0;
		};
		57FAB0C522CB63CA0044DDDC /* Resources */ = {
			isa = PBXResourcesBuildPhase;
			buildActionMask = 2147483647;
			files = (
			);
			runOnlyForDeploymentPostprocessing = 0;
		};
/* End PBXResourcesBuildPhase section */

/* Begin PBXSourcesBuildPhase section */
		57FAB0AF22CB63C80044DDDC /* Sources */ = {
			isa = PBXSourcesBuildPhase;
			buildActionMask = 2147483647;
			files = (
				57FAB0B722CB63C80044DDDC /* AppDelegate.swift in Sources */,
				57FAB0DE22CB66160044DDDC /* NoteExtension.swift in Sources */,
				57FAB0D722CB643C0044DDDC /* Note.swift in Sources */,
			);
			runOnlyForDeploymentPostprocessing = 0;
		};
		57FAB0C322CB63CA0044DDDC /* Sources */ = {
			isa = PBXSourcesBuildPhase;
			buildActionMask = 2147483647;
			files = (
				57FAB0CC22CB63CA0044DDDC /* NotesTests.swift in Sources */,
			);
			runOnlyForDeploymentPostprocessing = 0;
		};
/* End PBXSourcesBuildPhase section */

/* Begin PBXTargetDependency section */
		57FAB0C922CB63CA0044DDDC /* PBXTargetDependency */ = {
			isa = PBXTargetDependency;
			target = 57FAB0B222CB63C80044DDDC /* Notes */;
			targetProxy = 57FAB0C822CB63CA0044DDDC /* PBXContainerItemProxy */;
		};
/* End PBXTargetDependency section */

/* Begin PBXVariantGroup section */
		57FAB0BF22CB63CA0044DDDC /* LaunchScreen.storyboard */ = {
			isa = PBXVariantGroup;
			children = (
				57FAB0C022CB63CA0044DDDC /* Base */,
			);
			name = LaunchScreen.storyboard;
			sourceTree = "<group>";
		};
/* End PBXVariantGroup section */

/* Begin XCBuildConfiguration section */
		57FAB0CE22CB63CA0044DDDC /* Debug */ = {
			isa = XCBuildConfiguration;
			buildSettings = {
				ALWAYS_SEARCH_USER_PATHS = NO;
				CLANG_ANALYZER_NONNULL = YES;
				CLANG_ANALYZER_NUMBER_OBJECT_CONVERSION = YES_AGGRESSIVE;
				CLANG_CXX_LANGUAGE_STANDARD = "gnu++14";
				CLANG_CXX_LIBRARY = "libc++";
				CLANG_ENABLE_MODULES = YES;
				CLANG_ENABLE_OBJC_ARC = YES;
				CLANG_ENABLE_OBJC_WEAK = YES;
				CLANG_WARN_BLOCK_CAPTURE_AUTORELEASING = YES;
				CLANG_WARN_BOOL_CONVERSION = YES;
				CLANG_WARN_COMMA = YES;
				CLANG_WARN_CONSTANT_CONVERSION = YES;
				CLANG_WARN_DEPRECATED_OBJC_IMPLEMENTATIONS = YES;
				CLANG_WARN_DIRECT_OBJC_ISA_USAGE = YES_ERROR;
				CLANG_WARN_DOCUMENTATION_COMMENTS = YES;
				CLANG_WARN_EMPTY_BODY = YES;
				CLANG_WARN_ENUM_CONVERSION = YES;
				CLANG_WARN_INFINITE_RECURSION = YES;
				CLANG_WARN_INT_CONVERSION = YES;
				CLANG_WARN_NON_LITERAL_NULL_CONVERSION = YES;
				CLANG_WARN_OBJC_IMPLICIT_RETAIN_SELF = YES;
				CLANG_WARN_OBJC_LITERAL_CONVERSION = YES;
				CLANG_WARN_OBJC_ROOT_CLASS = YES_ERROR;
				CLANG_WARN_RANGE_LOOP_ANALYSIS = YES;
				CLANG_WARN_STRICT_PROTOTYPES = YES;
				CLANG_WARN_SUSPICIOUS_MOVE = YES;
				CLANG_WARN_UNGUARDED_AVAILABILITY = YES_AGGRESSIVE;
				CLANG_WARN_UNREACHABLE_CODE = YES;
				CLANG_WARN__DUPLICATE_METHOD_MATCH = YES;
				CODE_SIGN_IDENTITY = "iPhone Developer";
				COPY_PHASE_STRIP = NO;
				DEBUG_INFORMATION_FORMAT = dwarf;
				ENABLE_STRICT_OBJC_MSGSEND = YES;
				ENABLE_TESTABILITY = YES;
				GCC_C_LANGUAGE_STANDARD = gnu11;
				GCC_DYNAMIC_NO_PIC = NO;
				GCC_NO_COMMON_BLOCKS = YES;
				GCC_OPTIMIZATION_LEVEL = 0;
				GCC_PREPROCESSOR_DEFINITIONS = (
					"DEBUG=1",
					"$(inherited)",
				);
				GCC_WARN_64_TO_32_BIT_CONVERSION = YES;
				GCC_WARN_ABOUT_RETURN_TYPE = YES_ERROR;
				GCC_WARN_UNDECLARED_SELECTOR = YES;
				GCC_WARN_UNINITIALIZED_AUTOS = YES_AGGRESSIVE;
				GCC_WARN_UNUSED_FUNCTION = YES;
				GCC_WARN_UNUSED_VARIABLE = YES;
				IPHONEOS_DEPLOYMENT_TARGET = 12.2;
				MTL_ENABLE_DEBUG_INFO = INCLUDE_SOURCE;
				MTL_FAST_MATH = YES;
				ONLY_ACTIVE_ARCH = YES;
				SDKROOT = iphoneos;
				SWIFT_ACTIVE_COMPILATION_CONDITIONS = DEBUG;
				SWIFT_OPTIMIZATION_LEVEL = "-Onone";
			};
			name = Debug;
		};
		57FAB0CF22CB63CA0044DDDC /* Release */ = {
			isa = XCBuildConfiguration;
			buildSettings = {
				ALWAYS_SEARCH_USER_PATHS = NO;
				CLANG_ANALYZER_NONNULL = YES;
				CLANG_ANALYZER_NUMBER_OBJECT_CONVERSION = YES_AGGRESSIVE;
				CLANG_CXX_LANGUAGE_STANDARD = "gnu++14";
				CLANG_CXX_LIBRARY = "libc++";
				CLANG_ENABLE_MODULES = YES;
				CLANG_ENABLE_OBJC_ARC = YES;
				CLANG_ENABLE_OBJC_WEAK = YES;
				CLANG_WARN_BLOCK_CAPTURE_AUTORELEASING = YES;
				CLANG_WARN_BOOL_CONVERSION = YES;
				CLANG_WARN_COMMA = YES;
				CLANG_WARN_CONSTANT_CONVERSION = YES;
				CLANG_WARN_DEPRECATED_OBJC_IMPLEMENTATIONS = YES;
				CLANG_WARN_DIRECT_OBJC_ISA_USAGE = YES_ERROR;
				CLANG_WARN_DOCUMENTATION_COMMENTS = YES;
				CLANG_WARN_EMPTY_BODY = YES;
				CLANG_WARN_ENUM_CONVERSION = YES;
				CLANG_WARN_INFINITE_RECURSION = YES;
				CLANG_WARN_INT_CONVERSION = YES;
				CLANG_WARN_NON_LITERAL_NULL_CONVERSION = YES;
				CLANG_WARN_OBJC_IMPLICIT_RETAIN_SELF = YES;
				CLANG_WARN_OBJC_LITERAL_CONVERSION = YES;
				CLANG_WARN_OBJC_ROOT_CLASS = YES_ERROR;
				CLANG_WARN_RANGE_LOOP_ANALYSIS = YES;
				CLANG_WARN_STRICT_PROTOTYPES = YES;
				CLANG_WARN_SUSPICIOUS_MOVE = YES;
				CLANG_WARN_UNGUARDED_AVAILABILITY = YES_AGGRESSIVE;
				CLANG_WARN_UNREACHABLE_CODE = YES;
				CLANG_WARN__DUPLICATE_METHOD_MATCH = YES;
				CODE_SIGN_IDENTITY = "iPhone Developer";
				COPY_PHASE_STRIP = NO;
				DEBUG_INFORMATION_FORMAT = "dwarf-with-dsym";
				ENABLE_NS_ASSERTIONS = NO;
				ENABLE_STRICT_OBJC_MSGSEND = YES;
				GCC_C_LANGUAGE_STANDARD = gnu11;
				GCC_NO_COMMON_BLOCKS = YES;
				GCC_WARN_64_TO_32_BIT_CONVERSION = YES;
				GCC_WARN_ABOUT_RETURN_TYPE = YES_ERROR;
				GCC_WARN_UNDECLARED_SELECTOR = YES;
				GCC_WARN_UNINITIALIZED_AUTOS = YES_AGGRESSIVE;
				GCC_WARN_UNUSED_FUNCTION = YES;
				GCC_WARN_UNUSED_VARIABLE = YES;
				IPHONEOS_DEPLOYMENT_TARGET = 12.2;
				MTL_ENABLE_DEBUG_INFO = NO;
				MTL_FAST_MATH = YES;
				SDKROOT = iphoneos;
				SWIFT_COMPILATION_MODE = wholemodule;
				SWIFT_OPTIMIZATION_LEVEL = "-O";
				VALIDATE_PRODUCT = YES;
			};
			name = Release;
		};
		57FAB0D122CB63CA0044DDDC /* Debug */ = {
			isa = XCBuildConfiguration;
			buildSettings = {
				ASSETCATALOG_COMPILER_APPICON_NAME = AppIcon;
				CODE_SIGN_STYLE = Automatic;
				DEVELOPMENT_TEAM = YX6VKW92JQ;
				INFOPLIST_FILE = Notes/Enviroments/Info.plist;
				LD_RUNPATH_SEARCH_PATHS = (
					"$(inherited)",
					"@executable_path/Frameworks",
				);
				PRODUCT_BUNDLE_IDENTIFIER = artemkufaev.Notes;
				PRODUCT_NAME = "$(TARGET_NAME)";
				SWIFT_VERSION = 5.0;
				TARGETED_DEVICE_FAMILY = "1,2";
			};
			name = Debug;
		};
		57FAB0D222CB63CA0044DDDC /* Release */ = {
			isa = XCBuildConfiguration;
			buildSettings = {
				ASSETCATALOG_COMPILER_APPICON_NAME = AppIcon;
				CODE_SIGN_STYLE = Automatic;
				DEVELOPMENT_TEAM = YX6VKW92JQ;
				INFOPLIST_FILE = Notes/Enviroments/Info.plist;
				LD_RUNPATH_SEARCH_PATHS = (
					"$(inherited)",
					"@executable_path/Frameworks",
				);
				PRODUCT_BUNDLE_IDENTIFIER = artemkufaev.Notes;
				PRODUCT_NAME = "$(TARGET_NAME)";
				SWIFT_VERSION = 5.0;
				TARGETED_DEVICE_FAMILY = "1,2";
			};
			name = Release;
		};
		57FAB0D422CB63CA0044DDDC /* Debug */ = {
			isa = XCBuildConfiguration;
			buildSettings = {
				ALWAYS_EMBED_SWIFT_STANDARD_LIBRARIES = YES;
				BUNDLE_LOADER = "$(TEST_HOST)";
				CODE_SIGN_STYLE = Automatic;
				DEVELOPMENT_TEAM = YX6VKW92JQ;
				INFOPLIST_FILE = NotesTests/Info.plist;
				LD_RUNPATH_SEARCH_PATHS = (
					"$(inherited)",
					"@executable_path/Frameworks",
					"@loader_path/Frameworks",
				);
				PRODUCT_BUNDLE_IDENTIFIER = artemkufaev.NotesTests;
				PRODUCT_NAME = "$(TARGET_NAME)";
				SWIFT_VERSION = 5.0;
				TARGETED_DEVICE_FAMILY = "1,2";
				TEST_HOST = "$(BUILT_PRODUCTS_DIR)/Notes.app/Notes";
			};
			name = Debug;
		};
		57FAB0D522CB63CA0044DDDC /* Release */ = {
			isa = XCBuildConfiguration;
			buildSettings = {
				ALWAYS_EMBED_SWIFT_STANDARD_LIBRARIES = YES;
				BUNDLE_LOADER = "$(TEST_HOST)";
				CODE_SIGN_STYLE = Automatic;
				DEVELOPMENT_TEAM = YX6VKW92JQ;
				INFOPLIST_FILE = NotesTests/Info.plist;
				LD_RUNPATH_SEARCH_PATHS = (
					"$(inherited)",
					"@executable_path/Frameworks",
					"@loader_path/Frameworks",
				);
				PRODUCT_BUNDLE_IDENTIFIER = artemkufaev.NotesTests;
				PRODUCT_NAME = "$(TARGET_NAME)";
				SWIFT_VERSION = 5.0;
				TARGETED_DEVICE_FAMILY = "1,2";
				TEST_HOST = "$(BUILT_PRODUCTS_DIR)/Notes.app/Notes";
			};
			name = Release;
		};
/* End XCBuildConfiguration section */

/* Begin XCConfigurationList section */
		57FAB0AE22CB63C80044DDDC /* Build configuration list for PBXProject "Notes" */ = {
			isa = XCConfigurationList;
			buildConfigurations = (
				57FAB0CE22CB63CA0044DDDC /* Debug */,
				57FAB0CF22CB63CA0044DDDC /* Release */,
			);
			defaultConfigurationIsVisible = 0;
			defaultConfigurationName = Release;
		};
		57FAB0D022CB63CA0044DDDC /* Build configuration list for PBXNativeTarget "Notes" */ = {
			isa = XCConfigurationList;
			buildConfigurations = (
				57FAB0D122CB63CA0044DDDC /* Debug */,
				57FAB0D222CB63CA0044DDDC /* Release */,
			);
			defaultConfigurationIsVisible = 0;
			defaultConfigurationName = Release;
		};
		57FAB0D322CB63CA0044DDDC /* Build configuration list for PBXNativeTarget "NotesTests" */ = {
			isa = XCConfigurationList;
			buildConfigurations = (
				57FAB0D422CB63CA0044DDDC /* Debug */,
				57FAB0D522CB63CA0044DDDC /* Release */,
			);
			defaultConfigurationIsVisible = 0;
			defaultConfigurationName = Release;
		};
/* End XCConfigurationList section */
	};
	rootObject = 57FAB0AB22CB63C80044DDDC /* Project object */;
}
